
Microsoft Visual Studio Solution File, Format Version 12.00
# Visual Studio Version 17
VisualStudioVersion = 17.3.32901.215
MinimumVisualStudioVersion = 10.0.40219.1
Project("{FAE04EC0-301F-11D3-BF4B-00C04F79EFBC}") = "EmployeePerformanceTracker1", "EmployeePerformanceTracker1\EmployeePerformanceTracker1.csproj", "{F7A8B4BC-C6A1-4D46-A685-1F2F68E4F77D}"
EndProject
Global
	GlobalSection(SolutionConfigurationPlatforms) = preSolution
		Debug|Any CPU = Debug|Any CPU
		Release|Any CPU = Release|Any CPU
	EndGlobalSection
	GlobalSection(ProjectConfigurationPlatforms) = postSolution
		{F7A8B4BC-C6A1-4D46-A685-1F2F68E4F77D}.Debug|Any CPU.ActiveCfg = Debug|Any CPU
		{F7A8B4BC-C6A1-4D46-A685-1F2F68E4F77D}.Debug|Any CPU.Build.0 = Debug|Any CPU
		{F7A8B4BC-C6A1-4D46-A685-1F2F68E4F77D}.Release|Any CPU.ActiveCfg = Release|Any CPU
		{F7A8B4BC-C6A1-4D46-A685-1F2F68E4F77D}.Release|Any CPU.Build.0 = Release|Any CPU
	EndGlobalSection
	GlobalSection(SolutionProperties) = preSolution
		HideSolutionNode = FALSE
	EndGlobalSection
	GlobalSection(ExtensibilityGlobals) = postSolution
		SolutionGuid = {90AD1809-2507-4400-A79B-D65547A42501}
	EndGlobalSection
EndGlobal
